
Microsoft Visual Studio Solution File, Format Version 12.00
# Visual Studio Version 16
VisualStudioVersion = 16.0.28803.202
MinimumVisualStudioVersion = 10.0.40219.1
Project("{FAE04EC0-301F-11D3-BF4B-00C04F79EFBC}") = "PowerPointArtNet", "PowerPointArtNet\PowerPointArtNet.csproj", "{BAC2C9CB-B5E5-449C-BD43-632D3B33A794}"
EndProject
Global
	GlobalSection(SolutionConfigurationPlatforms) = preSolution
		Debug|Any CPU = Debug|Any CPU
		Release|Any CPU = Release|Any CPU
	EndGlobalSection
	GlobalSection(ProjectConfigurationPlatforms) = postSolution
		{BAC2C9CB-B5E5-449C-BD43-632D3B33A794}.Debug|Any CPU.ActiveCfg = Debug|Any CPU
		{BAC2C9CB-B5E5-449C-BD43-632D3B33A794}.Debug|Any CPU.Build.0 = Debug|Any CPU
		{BAC2C9CB-B5E5-449C-BD43-632D3B33A794}.Release|Any CPU.ActiveCfg = Release|Any CPU
		{BAC2C9CB-B5E5-449C-BD43-632D3B33A794}.Release|Any CPU.Build.0 = Release|Any CPU
	EndGlobalSection
	GlobalSection(SolutionProperties) = preSolution
		HideSolutionNode = FALSE
	EndGlobalSection
	GlobalSection(ExtensibilityGlobals) = postSolution
		SolutionGuid = {2CD2259F-92B9-4EEA-84E3-2C3B84CD868A}
	EndGlobalSection
EndGlobal
